
Microsoft Visual Studio Solution File, Format Version 12.00
# Visual Studio Version 16
VisualStudioVersion = 16.0.30804.86
MinimumVisualStudioVersion = 10.0.40219.1
Project("{9A19103F-16F7-4668-BE54-9A1E7A4F7556}") = "LocationManager.Data.Wrong", "LocationManager.Data\LocationManager.Data.Wrong.csproj", "{A4C43601-0F63-4F08-A156-6A9ADD491558}"
EndProject
Project("{FAE04EC0-301F-11D3-BF4B-00C04F79EFBC}") = "LocationTracker.API", "LocationTracker.API\LocationTracker.API.csproj", "{707622A4-3C41-4714-ACAA-4E57AAFEC488}"
EndProject
Project("{FAE04EC0-301F-11D3-BF4B-00C04F79EFBC}") = "LocationTracker.MobileApp.Android", "LocationTracker.MobileApp\LocationTracker.MobileApp.Android\LocationTracker.MobileApp.Android.csproj", "{AED9BF84-DD10-443A-B2FC-BD5CD81FE0BE}"
EndProject
Project("{FAE04EC0-301F-11D3-BF4B-00C04F79EFBC}") = "LocationTracker.MobileApp.iOS", "LocationTracker.MobileApp\LocationTracker.MobileApp.iOS\LocationTracker.MobileApp.iOS.csproj", "{DE07C931-A4AF-4FB4-88FC-0A50CFB09571}"
EndProject
Project("{FAE04EC0-301F-11D3-BF4B-00C04F79EFBC}") = "LocationTracker.MobileApp", "LocationTracker.MobileApp\LocationTracker.MobileApp\LocationTracker.MobileApp.csproj", "{7EACDD9B-F8E3-413A-8DD8-3D1172CDA7B8}"
EndProject
Project("{FAE04EC0-301F-11D3-BF4B-00C04F79EFBC}") = "LocationTracker.Data", "LocationTracker.Data\LocationTracker.Data.csproj", "{86316207-3A85-47B3-BF12-D551E9A16DF1}"
EndProject
Global
	GlobalSection(SolutionConfigurationPlatforms) = preSolution
		Debug|Any CPU = Debug|Any CPU
		Debug|iPhone = Debug|iPhone
		Debug|iPhoneSimulator = Debug|iPhoneSimulator
		Release|Any CPU = Release|Any CPU
		Release|iPhone = Release|iPhone
		Release|iPhoneSimulator = Release|iPhoneSimulator
	EndGlobalSection
	GlobalSection(ProjectConfigurationPlatforms) = postSolution
		{A4C43601-0F63-4F08-A156-6A9ADD491558}.Debug|Any CPU.ActiveCfg = Debug|Any CPU
		{A4C43601-0F63-4F08-A156-6A9ADD491558}.Debug|Any CPU.Build.0 = Debug|Any CPU
		{A4C43601-0F63-4F08-A156-6A9ADD491558}.Debug|iPhone.ActiveCfg = Debug|Any CPU
		{A4C43601-0F63-4F08-A156-6A9ADD491558}.Debug|iPhone.Build.0 = Debug|Any CPU
		{A4C43601-0F63-4F08-A156-6A9ADD491558}.Debug|iPhoneSimulator.ActiveCfg = Debug|Any CPU
		{A4C43601-0F63-4F08-A156-6A9ADD491558}.Debug|iPhoneSimulator.Build.0 = Debug|Any CPU
		{A4C43601-0F63-4F08-A156-6A9ADD491558}.Release|Any CPU.ActiveCfg = Release|Any CPU
		{A4C43601-0F63-4F08-A156-6A9ADD491558}.Release|Any CPU.Build.0 = Release|Any CPU
		{A4C43601-0F63-4F08-A156-6A9ADD491558}.Release|iPhone.ActiveCfg = Release|Any CPU
		{A4C43601-0F63-4F08-A156-6A9ADD491558}.Release|iPhone.Build.0 = Release|Any CPU
		{A4C43601-0F63-4F08-A156-6A9ADD491558}.Release|iPhoneSimulator.ActiveCfg = Release|Any CPU
		{A4C43601-0F63-4F08-A156-6A9ADD491558}.Release|iPhoneSimulator.Build.0 = Release|Any CPU
		{707622A4-3C41-4714-ACAA-4E57AAFEC488}.Debug|Any CPU.ActiveCfg = Debug|Any CPU
		{707622A4-3C41-4714-ACAA-4E57AAFEC488}.Debug|Any CPU.Build.0 = Debug|Any CPU
		{707622A4-3C41-4714-ACAA-4E57AAFEC488}.Debug|iPhone.ActiveCfg = Debug|Any CPU
		{707622A4-3C41-4714-ACAA-4E57AAFEC488}.Debug|iPhone.Build.0 = Debug|Any CPU
		{707622A4-3C41-4714-ACAA-4E57AAFEC488}.Debug|iPhoneSimulator.ActiveCfg = Debug|Any CPU
		{707622A4-3C41-4714-ACAA-4E57AAFEC488}.Debug|iPhoneSimulator.Build.0 = Debug|Any CPU
		{707622A4-3C41-4714-ACAA-4E57AAFEC488}.Release|Any CPU.ActiveCfg = Release|Any CPU
		{707622A4-3C41-4714-ACAA-4E57AAFEC488}.Release|Any CPU.Build.0 = Release|Any CPU
		{707622A4-3C41-4714-ACAA-4E57AAFEC488}.Release|iPhone.ActiveCfg = Release|Any CPU
		{707622A4-3C41-4714-ACAA-4E57AAFEC488}.Release|iPhone.Build.0 = Release|Any CPU
		{707622A4-3C41-4714-ACAA-4E57AAFEC488}.Release|iPhoneSimulator.ActiveCfg = Release|Any CPU
		{707622A4-3C41-4714-ACAA-4E57AAFEC488}.Release|iPhoneSimulator.Build.0 = Release|Any CPU
		{AED9BF84-DD10-443A-B2FC-BD5CD81FE0BE}.Debug|Any CPU.ActiveCfg = Debug|Any CPU
		{AED9BF84-DD10-443A-B2FC-BD5CD81FE0BE}.Debug|Any CPU.Build.0 = Debug|Any CPU
		{AED9BF84-DD10-443A-B2FC-BD5CD81FE0BE}.Debug|Any CPU.Deploy.0 = Debug|Any CPU
		{AED9BF84-DD10-443A-B2FC-BD5CD81FE0BE}.Debug|iPhone.ActiveCfg = Debug|Any CPU
		{AED9BF84-DD10-443A-B2FC-BD5CD81FE0BE}.Debug|iPhone.Build.0 = Debug|Any CPU
		{AED9BF84-DD10-443A-B2FC-BD5CD81FE0BE}.Debug|iPhone.Deploy.0 = Debug|Any CPU
		{AED9BF84-DD10-443A-B2FC-BD5CD81FE0BE}.Debug|iPhoneSimulator.ActiveCfg = Debug|Any CPU
		{AED9BF84-DD10-443A-B2FC-BD5CD81FE0BE}.Debug|iPhoneSimulator.Build.0 = Debug|Any CPU
		{AED9BF84-DD10-443A-B2FC-BD5CD81FE0BE}.Debug|iPhoneSimulator.Deploy.0 = Debug|Any CPU
		{AED9BF84-DD10-443A-B2FC-BD5CD81FE0BE}.Release|Any CPU.ActiveCfg = Release|Any CPU
		{AED9BF84-DD10-443A-B2FC-BD5CD81FE0BE}.Release|Any CPU.Build.0 = Release|Any CPU
		{AED9BF84-DD10-443A-B2FC-BD5CD81FE0BE}.Release|Any CPU.Deploy.0 = Release|Any CPU
		{AED9BF84-DD10-443A-B2FC-BD5CD81FE0BE}.Release|iPhone.ActiveCfg = Release|Any CPU
		{AED9BF84-DD10-443A-B2FC-BD5CD81FE0BE}.Release|iPhone.Build.0 = Release|Any CPU
		{AED9BF84-DD10-443A-B2FC-BD5CD81FE0BE}.Release|iPhone.Deploy.0 = Release|Any CPU
		{AED9BF84-DD10-443A-B2FC-BD5CD81FE0BE}.Release|iPhoneSimulator.ActiveCfg = Release|Any CPU
		{AED9BF84-DD10-443A-B2FC-BD5CD81FE0BE}.Release|iPhoneSimulator.Build.0 = Release|Any CPU
		{AED9BF84-DD10-443A-B2FC-BD5CD81FE0BE}.Release|iPhoneSimulator.Deploy.0 = Release|Any CPU
		{DE07C931-A4AF-4FB4-88FC-0A50CFB09571}.Debug|Any CPU.ActiveCfg = Debug|iPhoneSimulator
		{DE07C931-A4AF-4FB4-88FC-0A50CFB09571}.Debug|iPhone.ActiveCfg = Debug|iPhone
		{DE07C931-A4AF-4FB4-88FC-0A50CFB09571}.Debug|iPhone.Build.0 = Debug|iPhone
		{DE07C931-A4AF-4FB4-88FC-0A50CFB09571}.Debug|iPhoneSimulator.ActiveCfg = Debug|iPhoneSimulator
		{DE07C931-A4AF-4FB4-88FC-0A50CFB09571}.Debug|iPhoneSimulator.Build.0 = Debug|iPhoneSimulator
		{DE07C931-A4AF-4FB4-88FC-0A50CFB09571}.Release|Any CPU.ActiveCfg = Release|iPhoneSimulator
		{DE07C931-A4AF-4FB4-88FC-0A50CFB09571}.Release|iPhone.ActiveCfg = Release|iPhone
		{DE07C931-A4AF-4FB4-88FC-0A50CFB09571}.Release|iPhone.Build.0 = Release|iPhone
		{DE07C931-A4AF-4FB4-88FC-0A50CFB09571}.Release|iPhoneSimulator.ActiveCfg = Release|iPhoneSimulator
		{DE07C931-A4AF-4FB4-88FC-0A50CFB09571}.Release|iPhoneSimulator.Build.0 = Release|iPhoneSimulator
		{7EACDD9B-F8E3-413A-8DD8-3D1172CDA7B8}.Debug|Any CPU.ActiveCfg = Debug|Any CPU
		{7EACDD9B-F8E3-413A-8DD8-3D1172CDA7B8}.Debug|Any CPU.Build.0 = Debug|Any CPU
		{7EACDD9B-F8E3-413A-8DD8-3D1172CDA7B8}.Debug|iPhone.ActiveCfg = Debug|Any CPU
		{7EACDD9B-F8E3-413A-8DD8-3D1172CDA7B8}.Debug|iPhone.Build.0 = Debug|Any CPU
		{7EACDD9B-F8E3-413A-8DD8-3D1172CDA7B8}.Debug|iPhoneSimulator.ActiveCfg = Debug|Any CPU
		{7EACDD9B-F8E3-413A-8DD8-3D1172CDA7B8}.Debug|iPhoneSimulator.Build.0 = Debug|Any CPU
		{7EACDD9B-F8E3-413A-8DD8-3D1172CDA7B8}.Release|Any CPU.ActiveCfg = Release|Any CPU
		{7EACDD9B-F8E3-413A-8DD8-3D1172CDA7B8}.Release|Any CPU.Build.0 = Release|Any CPU
		{7EACDD9B-F8E3-413A-8DD8-3D1172CDA7B8}.Release|iPhone.ActiveCfg = Release|Any CPU
		{7EACDD9B-F8E3-413A-8DD8-3D1172CDA7B8}.Release|iPhone.Build.0 = Release|Any CPU
		{7EACDD9B-F8E3-413A-8DD8-3D1172CDA7B8}.Release|iPhoneSimulator.ActiveCfg = Release|Any CPU
		{7EACDD9B-F8E3-413A-8DD8-3D1172CDA7B8}.Release|iPhoneSimulator.Build.0 = Release|Any CPU
		{86316207-3A85-47B3-BF12-D551E9A16DF1}.Debug|Any CPU.ActiveCfg = Debug|Any CPU
		{86316207-3A85-47B3-BF12-D551E9A16DF1}.Debug|Any CPU.Build.0 = Debug|Any CPU
		{86316207-3A85-47B3-BF12-D551E9A16DF1}.Debug|iPhone.ActiveCfg = Debug|Any CPU
		{86316207-3A85-47B3-BF12-D551E9A16DF1}.Debug|iPhone.Build.0 = Debug|Any CPU
		{86316207-3A85-47B3-BF12-D551E9A16DF1}.Debug|iPhoneSimulator.ActiveCfg = Debug|Any CPU
		{86316207-3A85-47B3-BF12-D551E9A16DF1}.Debug|iPhoneSimulator.Build.0 = Debug|Any CPU
		{86316207-3A85-47B3-BF12-D551E9A16DF1}.Release|Any CPU.ActiveCfg = Release|Any CPU
		{86316207-3A85-47B3-BF12-D551E9A16DF1}.Release|Any CPU.Build.0 = Release|Any CPU
		{86316207-3A85-47B3-BF12-D551E9A16DF1}.Release|iPhone.ActiveCfg = Release|Any CPU
		{86316207-3A85-47B3-BF12-D551E9A16DF1}.Release|iPhone.Build.0 = Release|Any CPU
		{86316207-3A85-47B3-BF12-D551E9A16DF1}.Release|iPhoneSimulator.ActiveCfg = Release|Any CPU
		{86316207-3A85-47B3-BF12-D551E9A16DF1}.Release|iPhoneSimulator.Build.0 = Release|Any CPU
	EndGlobalSection
	GlobalSection(SolutionProperties) = preSolution
		HideSolutionNode = FALSE
	EndGlobalSection
	GlobalSection(ExtensibilityGlobals) = postSolution
		SolutionGuid = {BF275F3D-01B2-46DB-80E0-1C1D273903A9}
	EndGlobalSection
EndGlobal
